
Microsoft Visual Studio Solution File, Format Version 12.00
# Visual Studio Version 16
VisualStudioVersion = 16.0.32228.343
MinimumVisualStudioVersion = 10.0.40219.1
Project("{FAE04EC0-301F-11D3-BF4B-00C04F79EFBC}") = "AdventOfCode2022", "AdventOfCode2022\AdventOfCode2022.csproj", "{A046B694-87EF-4C56-ACA4-6CBD92683BE2}"
EndProject
Global
	GlobalSection(SolutionConfigurationPlatforms) = preSolution
		Debug|Any CPU = Debug|Any CPU
		Release|Any CPU = Release|Any CPU
	EndGlobalSection
	GlobalSection(ProjectConfigurationPlatforms) = postSolution
		{A046B694-87EF-4C56-ACA4-6CBD92683BE2}.Debug|Any CPU.ActiveCfg = Debug|Any CPU
		{A046B694-87EF-4C56-ACA4-6CBD92683BE2}.Debug|Any CPU.Build.0 = Debug|Any CPU
		{A046B694-87EF-4C56-ACA4-6CBD92683BE2}.Release|Any CPU.ActiveCfg = Release|Any CPU
		{A046B694-87EF-4C56-ACA4-6CBD92683BE2}.Release|Any CPU.Build.0 = Release|Any CPU
	EndGlobalSection
	GlobalSection(SolutionProperties) = preSolution
		HideSolutionNode = FALSE
	EndGlobalSection
	GlobalSection(ExtensibilityGlobals) = postSolution
		SolutionGuid = {4B754C8E-6EF4-44D6-9C53-0E86813042EE}
	EndGlobalSection
EndGlobal
